// !$*UTF8*$!
{
	archiveVersion = 1;
	classes = {
	};
	objectVersion = 55;
	objects = {

/* Begin PBXBuildFile section */
		C76F3C64287B15D50090B5AF /* TableViewCell.swift in Sources */ = {isa = PBXBuildFile; fileRef = C76F3C63287B15D50090B5AF /* TableViewCell.swift */; };
		C78D45DD2879D7AC004B6556 /* AppDelegate.swift in Sources */ = {isa = PBXBuildFile; fileRef = C78D45DC2879D7AC004B6556 /* AppDelegate.swift */; };
		C78D45DF2879D7AC004B6556 /* SceneDelegate.swift in Sources */ = {isa = PBXBuildFile; fileRef = C78D45DE2879D7AC004B6556 /* SceneDelegate.swift */; };
		C78D45E62879D7AE004B6556 /* Assets.xcassets in Resources */ = {isa = PBXBuildFile; fileRef = C78D45E52879D7AE004B6556 /* Assets.xcassets */; };
		C78D45E92879D7AE004B6556 /* LaunchScreen.storyboard in Resources */ = {isa = PBXBuildFile; fileRef = C78D45E72879D7AE004B6556 /* LaunchScreen.storyboard */; };
		C78D45F12879DA61004B6556 /* MainViewController.swift in Sources */ = {isa = PBXBuildFile; fileRef = C78D45F02879DA61004B6556 /* MainViewController.swift */; };
		C78D45F4287A018A004B6556 /* SettingViewController.swift in Sources */ = {isa = PBXBuildFile; fileRef = C78D45F3287A018A004B6556 /* SettingViewController.swift */; };
		C78D45F6287A019B004B6556 /* SearchViewController.swift in Sources */ = {isa = PBXBuildFile; fileRef = C78D45F5287A019B004B6556 /* SearchViewController.swift */; };
		C78D45F8287A10D3004B6556 /* PayViewController.swift in Sources */ = {isa = PBXBuildFile; fileRef = C78D45F7287A10D3004B6556 /* PayViewController.swift */; };
		C78D45FA287A1D02004B6556 /* MainTabBarController.swift in Sources */ = {isa = PBXBuildFile; fileRef = C78D45F9287A1D01004B6556 /* MainTabBarController.swift */; };
		C78D45FC287A22FE004B6556 /* ProfileViewController.swift in Sources */ = {isa = PBXBuildFile; fileRef = C78D45FB287A22FE004B6556 /* ProfileViewController.swift */; };
/* End PBXBuildFile section */

/* Begin PBXFileReference section */
		C76F3C63287B15D50090B5AF /* TableViewCell.swift */ = {isa = PBXFileReference; lastKnownFileType = sourcecode.swift; path = TableViewCell.swift; sourceTree = "<group>"; };
		C78D45D92879D7AC004B6556 /* SmartDesign.app */ = {isa = PBXFileReference; explicitFileType = wrapper.application; includeInIndex = 0; path = SmartDesign.app; sourceTree = BUILT_PRODUCTS_DIR; };
		C78D45DC2879D7AC004B6556 /* AppDelegate.swift */ = {isa = PBXFileReference; lastKnownFileType = sourcecode.swift; path = AppDelegate.swift; sourceTree = "<group>"; };
		C78D45DE2879D7AC004B6556 /* SceneDelegate.swift */ = {isa = PBXFileReference; lastKnownFileType = sourcecode.swift; path = SceneDelegate.swift; sourceTree = "<group>"; };
		C78D45E52879D7AE004B6556 /* Assets.xcassets */ = {isa = PBXFileReference; lastKnownFileType = folder.assetcatalog; path = Assets.xcassets; sourceTree = "<group>"; };
		C78D45E82879D7AE004B6556 /* Base */ = {isa = PBXFileReference; lastKnownFileType = file.storyboard; name = Base; path = Base.lproj/LaunchScreen.storyboard; sourceTree = "<group>"; };
		C78D45EA2879D7AE004B6556 /* Info.plist */ = {isa = PBXFileReference; lastKnownFileType = text.plist.xml; path = Info.plist; sourceTree = "<group>"; };
		C78D45F02879DA61004B6556 /* MainViewController.swift */ = {isa = PBXFileReference; lastKnownFileType = sourcecode.swift; path = MainViewController.swift; sourceTree = "<group>"; };
		C78D45F3287A018A004B6556 /* SettingViewController.swift */ = {isa = PBXFileReference; lastKnownFileType = sourcecode.swift; path = SettingViewController.swift; sourceTree = "<group>"; };
		C78D45F5287A019B004B6556 /* SearchViewController.swift */ = {isa = PBXFileReference; lastKnownFileType = sourcecode.swift; path = SearchViewController.swift; sourceTree = "<group>"; };
		C78D45F7287A10D3004B6556 /* PayViewController.swift */ = {isa = PBXFileReference; lastKnownFileType = sourcecode.swift; path = PayViewController.swift; sourceTree = "<group>"; };
		C78D45F9287A1D01004B6556 /* MainTabBarController.swift */ = {isa = PBXFileReference; lastKnownFileType = sourcecode.swift; path = MainTabBarController.swift; sourceTree = "<group>"; };
		C78D45FB287A22FE004B6556 /* ProfileViewController.swift */ = {isa = PBXFileReference; lastKnownFileType = sourcecode.swift; path = ProfileViewController.swift; sourceTree = "<group>"; };
/* End PBXFileReference section */

/* Begin PBXFrameworksBuildPhase section */
		C78D45D62879D7AC004B6556 /* Frameworks */ = {
			isa = PBXFrameworksBuildPhase;
			buildActionMask = 2147483647;
			files = (
			);
			runOnlyForDeploymentPostprocessing = 0;
		};
/* End PBXFrameworksBuildPhase section */

/* Begin PBXGroup section */
		C76F3C65287B15DE0090B5AF /* View */ = {
			isa = PBXGroup;
			children = (
				C76F3C63287B15D50090B5AF /* TableViewCell.swift */,
			);
			path = View;
			sourceTree = "<group>";
		};
		C78D45D02879D7AC004B6556 = {
			isa = PBXGroup;
			children = (
				C78D45DB2879D7AC004B6556 /* SmartDesign */,
				C78D45DA2879D7AC004B6556 /* Products */,
			);
			sourceTree = "<group>";
		};
		C78D45DA2879D7AC004B6556 /* Products */ = {
			isa = PBXGroup;
			children = (
				C78D45D92879D7AC004B6556 /* SmartDesign.app */,
			);
			name = Products;
			sourceTree = "<group>";
		};
		C78D45DB2879D7AC004B6556 /* SmartDesign */ = {
			isa = PBXGroup;
			children = (
				C78D45DC2879D7AC004B6556 /* AppDelegate.swift */,
				C78D45DE2879D7AC004B6556 /* SceneDelegate.swift */,
				C76F3C65287B15DE0090B5AF /* View */,
				C78D45F2287A015D004B6556 /* Controller */,
				C78D45E52879D7AE004B6556 /* Assets.xcassets */,
				C78D45E72879D7AE004B6556 /* LaunchScreen.storyboard */,
				C78D45EA2879D7AE004B6556 /* Info.plist */,
			);
			path = SmartDesign;
			sourceTree = "<group>";
		};
		C78D45F2287A015D004B6556 /* Controller */ = {
			isa = PBXGroup;
			children = (
				C78D45F02879DA61004B6556 /* MainViewController.swift */,
				C78D45F3287A018A004B6556 /* SettingViewController.swift */,
				C78D45F5287A019B004B6556 /* SearchViewController.swift */,
				C78D45F7287A10D3004B6556 /* PayViewController.swift */,
				C78D45F9287A1D01004B6556 /* MainTabBarController.swift */,
				C78D45FB287A22FE004B6556 /* ProfileViewController.swift */,
			);
			path = Controller;
			sourceTree = "<group>";
		};
/* End PBXGroup section */

/* Begin PBXNativeTarget section */
		C78D45D82879D7AC004B6556 /* SmartDesign */ = {
			isa = PBXNativeTarget;
			buildConfigurationList = C78D45ED2879D7AE004B6556 /* Build configuration list for PBXNativeTarget "SmartDesign" */;
			buildPhases = (
				C78D45D52879D7AC004B6556 /* Sources */,
				C78D45D62879D7AC004B6556 /* Frameworks */,
				C78D45D72879D7AC004B6556 /* Resources */,
			);
			buildRules = (
			);
			dependencies = (
			);
			name = SmartDesign;
			productName = SmartDesign;
			productReference = C78D45D92879D7AC004B6556 /* SmartDesign.app */;
			productType = "com.apple.product-type.application";
		};
/* End PBXNativeTarget section */

/* Begin PBXProject section */
		C78D45D12879D7AC004B6556 /* Project object */ = {
			isa = PBXProject;
			attributes = {
				BuildIndependentTargetsInParallel = 1;
				LastSwiftUpdateCheck = 1340;
				LastUpgradeCheck = 1340;
				TargetAttributes = {
					C78D45D82879D7AC004B6556 = {
						CreatedOnToolsVersion = 13.4.1;
					};
				};
			};
			buildConfigurationList = C78D45D42879D7AC004B6556 /* Build configuration list for PBXProject "SmartDesign" */;
			compatibilityVersion = "Xcode 13.0";
			developmentRegion = en;
			hasScannedForEncodings = 0;
			knownRegions = (
				en,
				Base,
			);
			mainGroup = C78D45D02879D7AC004B6556;
			productRefGroup = C78D45DA2879D7AC004B6556 /* Products */;
			projectDirPath = "";
			projectRoot = "";
			targets = (
				C78D45D82879D7AC004B6556 /* SmartDesign */,
			);
		};
/* End PBXProject section */

/* Begin PBXResourcesBuildPhase section */
		C78D45D72879D7AC004B6556 /* Resources */ = {
			isa = PBXResourcesBuildPhase;
			buildActionMask = 2147483647;
			files = (
				C78D45E92879D7AE004B6556 /* LaunchScreen.storyboard in Resources */,
				C78D45E62879D7AE004B6556 /* Assets.xcassets in Resources */,
			);
			runOnlyForDeploymentPostprocessing = 0;
		};
/* End PBXResourcesBuildPhase section */

/* Begin PBXSourcesBuildPhase section */
		C78D45D52879D7AC004B6556 /* Sources */ = {
			isa = PBXSourcesBuildPhase;
			buildActionMask = 2147483647;
			files = (
				C78D45F6287A019B004B6556 /* SearchViewController.swift in Sources */,
				C78D45F8287A10D3004B6556 /* PayViewController.swift in Sources */,
				C78D45FA287A1D02004B6556 /* MainTabBarController.swift in Sources */,
				C76F3C64287B15D50090B5AF /* TableViewCell.swift in Sources */,
				C78D45F4287A018A004B6556 /* SettingViewController.swift in Sources */,
				C78D45DD2879D7AC004B6556 /* AppDelegate.swift in Sources */,
				C78D45FC287A22FE004B6556 /* ProfileViewController.swift in Sources */,
				C78D45DF2879D7AC004B6556 /* SceneDelegate.swift in Sources */,
				C78D45F12879DA61004B6556 /* MainViewController.swift in Sources */,
			);
			runOnlyForDeploymentPostprocessing = 0;
		};
/* End PBXSourcesBuildPhase section */

/* Begin PBXVariantGroup section */
		C78D45E72879D7AE004B6556 /* LaunchScreen.storyboard */ = {
			isa = PBXVariantGroup;
			children = (
				C78D45E82879D7AE004B6556 /* Base */,
			);
			name = LaunchScreen.storyboard;
			sourceTree = "<group>";
		};
/* End PBXVariantGroup section */

/* Begin XCBuildConfiguration section */
		C78D45EB2879D7AE004B6556 /* Debug */ = {
			isa = XCBuildConfiguration;
			buildSettings = {
				ALWAYS_SEARCH_USER_PATHS = NO;
				CLANG_ANALYZER_NONNULL = YES;
				CLANG_ANALYZER_NUMBER_OBJECT_CONVERSION = YES_AGGRESSIVE;
				CLANG_CXX_LANGUAGE_STANDARD = "gnu++17";
				CLANG_ENABLE_MODULES = YES;
				CLANG_ENABLE_OBJC_ARC = YES;
				CLANG_ENABLE_OBJC_WEAK = YES;
				CLANG_WARN_BLOCK_CAPTURE_AUTORELEASING = YES;
				CLANG_WARN_BOOL_CONVERSION = YES;
				CLANG_WARN_COMMA = YES;
				CLANG_WARN_CONSTANT_CONVERSION = YES;
				CLANG_WARN_DEPRECATED_OBJC_IMPLEMENTATIONS = YES;
				CLANG_WARN_DIRECT_OBJC_ISA_USAGE = YES_ERROR;
				CLANG_WARN_DOCUMENTATION_COMMENTS = YES;
				CLANG_WARN_EMPTY_BODY = YES;
				CLANG_WARN_ENUM_CONVERSION = YES;
				CLANG_WARN_INFINITE_RECURSION = YES;
				CLANG_WARN_INT_CONVERSION = YES;
				CLANG_WARN_NON_LITERAL_NULL_CONVERSION = YES;
				CLANG_WARN_OBJC_IMPLICIT_RETAIN_SELF = YES;
				CLANG_WARN_OBJC_LITERAL_CONVERSION = YES;
				CLANG_WARN_OBJC_ROOT_CLASS = YES_ERROR;
				CLANG_WARN_QUOTED_INCLUDE_IN_FRAMEWORK_HEADER = YES;
				CLANG_WARN_RANGE_LOOP_ANALYSIS = YES;
				CLANG_WARN_STRICT_PROTOTYPES = YES;
				CLANG_WARN_SUSPICIOUS_MOVE = YES;
				CLANG_WARN_UNGUARDED_AVAILABILITY = YES_AGGRESSIVE;
				CLANG_WARN_UNREACHABLE_CODE = YES;
				CLANG_WARN__DUPLICATE_METHOD_MATCH = YES;
				COPY_PHASE_STRIP = NO;
				DEBUG_INFORMATION_FORMAT = dwarf;
				ENABLE_STRICT_OBJC_MSGSEND = YES;
				ENABLE_TESTABILITY = YES;
				GCC_C_LANGUAGE_STANDARD = gnu11;
				GCC_DYNAMIC_NO_PIC = NO;
				GCC_NO_COMMON_BLOCKS = YES;
				GCC_OPTIMIZATION_LEVEL = 0;
				GCC_PREPROCESSOR_DEFINITIONS = (
					"DEBUG=1",
					"$(inherited)",
				);
				GCC_WARN_64_TO_32_BIT_CONVERSION = YES;
				GCC_WARN_ABOUT_RETURN_TYPE = YES_ERROR;
				GCC_WARN_UNDECLARED_SELECTOR = YES;
				GCC_WARN_UNINITIALIZED_AUTOS = YES_AGGRESSIVE;
				GCC_WARN_UNUSED_FUNCTION = YES;
				GCC_WARN_UNUSED_VARIABLE = YES;
				IPHONEOS_DEPLOYMENT_TARGET = 15.5;
				MTL_ENABLE_DEBUG_INFO = INCLUDE_SOURCE;
				MTL_FAST_MATH = YES;
				ONLY_ACTIVE_ARCH = YES;
				SDKROOT = iphoneos;
				SWIFT_ACTIVE_COMPILATION_CONDITIONS = DEBUG;
				SWIFT_OPTIMIZATION_LEVEL = "-Onone";
			};
			name = Debug;
		};
		C78D45EC2879D7AE004B6556 /* Release */ = {
			isa = XCBuildConfiguration;
			buildSettings = {
				ALWAYS_SEARCH_USER_PATHS = NO;
				CLANG_ANALYZER_NONNULL = YES;
				CLANG_ANALYZER_NUMBER_OBJECT_CONVERSION = YES_AGGRESSIVE;
				CLANG_CXX_LANGUAGE_STANDARD = "gnu++17";
				CLANG_ENABLE_MODULES = YES;
				CLANG_ENABLE_OBJC_ARC = YES;
				CLANG_ENABLE_OBJC_WEAK = YES;
				CLANG_WARN_BLOCK_CAPTURE_AUTORELEASING = YES;
				CLANG_WARN_BOOL_CONVERSION = YES;
				CLANG_WARN_COMMA = YES;
				CLANG_WARN_CONSTANT_CONVERSION = YES;
				CLANG_WARN_DEPRECATED_OBJC_IMPLEMENTATIONS = YES;
				CLANG_WARN_DIRECT_OBJC_ISA_USAGE = YES_ERROR;
				CLANG_WARN_DOCUMENTATION_COMMENTS = YES;
				CLANG_WARN_EMPTY_BODY = YES;
				CLANG_WARN_ENUM_CONVERSION = YES;
				CLANG_WARN_INFINITE_RECURSION = YES;
				CLANG_WARN_INT_CONVERSION = YES;
				CLANG_WARN_NON_LITERAL_NULL_CONVERSION = YES;
				CLANG_WARN_OBJC_IMPLICIT_RETAIN_SELF = YES;
				CLANG_WARN_OBJC_LITERAL_CONVERSION = YES;
				CLANG_WARN_OBJC_ROOT_CLASS = YES_ERROR;
				CLANG_WARN_QUOTED_INCLUDE_IN_FRAMEWORK_HEADER = YES;
				CLANG_WARN_RANGE_LOOP_ANALYSIS = YES;
				CLANG_WARN_STRICT_PROTOTYPES = YES;
				CLANG_WARN_SUSPICIOUS_MOVE = YES;
				CLANG_WARN_UNGUARDED_AVAILABILITY = YES_AGGRESSIVE;
				CLANG_WARN_UNREACHABLE_CODE = YES;
				CLANG_WARN__DUPLICATE_METHOD_MATCH = YES;
				COPY_PHASE_STRIP = NO;
				DEBUG_INFORMATION_FORMAT = "dwarf-with-dsym";
				ENABLE_NS_ASSERTIONS = NO;
				ENABLE_STRICT_OBJC_MSGSEND = YES;
				GCC_C_LANGUAGE_STANDARD = gnu11;
				GCC_NO_COMMON_BLOCKS = YES;
				GCC_WARN_64_TO_32_BIT_CONVERSION = YES;
				GCC_WARN_ABOUT_RETURN_TYPE = YES_ERROR;
				GCC_WARN_UNDECLARED_SELECTOR = YES;
				GCC_WARN_UNINITIALIZED_AUTOS = YES_AGGRESSIVE;
				GCC_WARN_UNUSED_FUNCTION = YES;
				GCC_WARN_UNUSED_VARIABLE = YES;
				IPHONEOS_DEPLOYMENT_TARGET = 15.5;
				MTL_ENABLE_DEBUG_INFO = NO;
				MTL_FAST_MATH = YES;
				SDKROOT = iphoneos;
				SWIFT_COMPILATION_MODE = wholemodule;
				SWIFT_OPTIMIZATION_LEVEL = "-O";
				VALIDATE_PRODUCT = YES;
			};
			name = Release;
		};
		C78D45EE2879D7AE004B6556 /* Debug */ = {
			isa = XCBuildConfiguration;
			buildSettings = {
				ASSETCATALOG_COMPILER_APPICON_NAME = AppIcon;
				ASSETCATALOG_COMPILER_GLOBAL_ACCENT_COLOR_NAME = AccentColor;
				CODE_SIGN_STYLE = Automatic;
				CURRENT_PROJECT_VERSION = 1;
				DEVELOPMENT_TEAM = HY8Y957QK3;
				GENERATE_INFOPLIST_FILE = YES;
				INFOPLIST_FILE = SmartDesign/Info.plist;
				INFOPLIST_KEY_UIApplicationSupportsIndirectInputEvents = YES;
				INFOPLIST_KEY_UILaunchStoryboardName = LaunchScreen;
				INFOPLIST_KEY_UISupportedInterfaceOrientations_iPad = "UIInterfaceOrientationPortrait UIInterfaceOrientationPortraitUpsideDown UIInterfaceOrientationLandscapeLeft UIInterfaceOrientationLandscapeRight";
				INFOPLIST_KEY_UISupportedInterfaceOrientations_iPhone = "UIInterfaceOrientationPortrait UIInterfaceOrientationLandscapeLeft UIInterfaceOrientationLandscapeRight";
				LD_RUNPATH_SEARCH_PATHS = (
					"$(inherited)",
					"@executable_path/Frameworks",
				);
				MARKETING_VERSION = 1.0;
				PRODUCT_BUNDLE_IDENTIFIER = com.jio.SmartDesign;
				PRODUCT_NAME = "$(TARGET_NAME)";
				SWIFT_EMIT_LOC_STRINGS = YES;
				SWIFT_VERSION = 5.0;
				TARGETED_DEVICE_FAMILY = "1,2";
			};
			name = Debug;
		};
		C78D45EF2879D7AE004B6556 /* Release */ = {
			isa = XCBuildConfiguration;
			buildSettings = {
				ASSETCATALOG_COMPILER_APPICON_NAME = AppIcon;
				ASSETCATALOG_COMPILER_GLOBAL_ACCENT_COLOR_NAME = AccentColor;
				CODE_SIGN_STYLE = Automatic;
				CURRENT_PROJECT_VERSION = 1;
				DEVELOPMENT_TEAM = HY8Y957QK3;
				GENERATE_INFOPLIST_FILE = YES;
				INFOPLIST_FILE = SmartDesign/Info.plist;
				INFOPLIST_KEY_UIApplicationSupportsIndirectInputEvents = YES;
				INFOPLIST_KEY_UILaunchStoryboardName = LaunchScreen;
				INFOPLIST_KEY_UISupportedInterfaceOrientations_iPad = "UIInterfaceOrientationPortrait UIInterfaceOrientationPortraitUpsideDown UIInterfaceOrientationLandscapeLeft UIInterfaceOrientationLandscapeRight";
				INFOPLIST_KEY_UISupportedInterfaceOrientations_iPhone = "UIInterfaceOrientationPortrait UIInterfaceOrientationLandscapeLeft UIInterfaceOrientationLandscapeRight";
				LD_RUNPATH_SEARCH_PATHS = (
					"$(inherited)",
					"@executable_path/Frameworks",
				);
				MARKETING_VERSION = 1.0;
				PRODUCT_BUNDLE_IDENTIFIER = com.jio.SmartDesign;
				PRODUCT_NAME = "$(TARGET_NAME)";
				SWIFT_EMIT_LOC_STRINGS = YES;
				SWIFT_VERSION = 5.0;
				TARGETED_DEVICE_FAMILY = "1,2";
			};
			name = Release;
		};
/* End XCBuildConfiguration section */

/* Begin XCConfigurationList section */
		C78D45D42879D7AC004B6556 /* Build configuration list for PBXProject "SmartDesign" */ = {
			isa = XCConfigurationList;
			buildConfigurations = (
				C78D45EB2879D7AE004B6556 /* Debug */,
				C78D45EC2879D7AE004B6556 /* Release */,
			);
			defaultConfigurationIsVisible = 0;
			defaultConfigurationName = Release;
		};
		C78D45ED2879D7AE004B6556 /* Build configuration list for PBXNativeTarget "SmartDesign" */ = {
			isa = XCConfigurationList;
			buildConfigurations = (
				C78D45EE2879D7AE004B6556 /* Debug */,
				C78D45EF2879D7AE004B6556 /* Release */,
			);
			defaultConfigurationIsVisible = 0;
			defaultConfigurationName = Release;
		};
/* End XCConfigurationList section */
	};
	rootObject = C78D45D12879D7AC004B6556 /* Project object */;
}
